
Microsoft Visual Studio Solution File, Format Version 12.00
# Visual Studio Version 17
VisualStudioVersion = 17.9.34607.119
MinimumVisualStudioVersion = 10.0.40219.1
Project("{2150E333-8FDC-42A3-9474-1A3956D46DE8}") = "HealthCheck.Presentation", "HealthCheck.Presentation", "{F2415B28-B2DB-4928-92F1-AA796D6F0FD5}"
EndProject
Project("{2150E333-8FDC-42A3-9474-1A3956D46DE8}") = "HealthCheck.Servis", "HealthCheck.Servis", "{7E3CC866-38EB-4359-BC2F-35014B1CF985}"
EndProject
Project("{2150E333-8FDC-42A3-9474-1A3956D46DE8}") = "HealthCheck.Infrastructure", "HealthCheck.Infrastructure", "{8FBC0B05-CF18-4C97-8A72-A43FBDECE28F}"
EndProject
Project("{9A19103F-16F7-4668-BE54-9A1E7A4F7556}") = "ServicesHealthCheck.Datas", "HealthCheck.Infrastructure\ServicesHealthCheck.Datas\ServicesHealthCheck.Datas.csproj", "{54763BAF-E6A2-4078-9B90-014C44385937}"
EndProject
Project("{9A19103F-16F7-4668-BE54-9A1E7A4F7556}") = "ServicesHealthCheck.Shared", "HealthCheck.Infrastructure\ServicesHealthCheck.Shared\ServicesHealthCheck.Shared.csproj", "{37D26760-326E-4698-9BC1-34FA6C6D0413}"
EndProject
Project("{9A19103F-16F7-4668-BE54-9A1E7A4F7556}") = "ServicesHealthCheck.Dtos", "HealthCheck.Infrastructure\ServicesHealthCheck.Dtos\ServicesHealthCheck.Dtos.csproj", "{89E9B701-C1A1-4391-810C-82000F483465}"
EndProject
Project("{9A19103F-16F7-4668-BE54-9A1E7A4F7556}") = "ServicesHealthCheck.DataAccess", "HealthCheck.Infrastructure\ServicesHealthCheck.DataAccess\ServicesHealthCheck.DataAccess.csproj", "{376DB7EA-4194-4D0E-A1BA-94972E022F04}"
EndProject
Project("{9A19103F-16F7-4668-BE54-9A1E7A4F7556}") = "ServicesHealthCheck.Business", "HealthCheck.Infrastructure\ServicesHealthCheck.Business\ServicesHealthCheck.Business.csproj", "{2702E6C4-DF79-4385-B931-BBDC62515A5F}"
EndProject
Project("{9A19103F-16F7-4668-BE54-9A1E7A4F7556}") = "ServicesHealthCheck.WorkerService", "HealthCheck.Servis\ServicesHealthCheck.WorkerService\ServicesHealthCheck.WorkerService.csproj", "{A897E9AA-A640-457A-94BA-58D4FAFC70BA}"
EndProject
Project("{2150E333-8FDC-42A3-9474-1A3956D46DE8}") = "HealthCheck.Admin", "HealthCheck.Admin", "{11B3CCA9-2FF8-4854-ADE8-61D9FCC27348}"
EndProject
Project("{9A19103F-16F7-4668-BE54-9A1E7A4F7556}") = "ServicesHealthCheck.Monitoring", "HealthCheck.Presentation\HealthCheck.Admin\ServicesHealthCheck.Monitoring\ServicesHealthCheck.Monitoring.csproj", "{703E905C-DDC2-47C5-B8D0-10A68E662F5D}"
EndProject
Project("{9A19103F-16F7-4668-BE54-9A1E7A4F7556}") = "ServicesHealthCheck.SignalR", "HealthCheck.Servis\ServicesHealthCheck.SignalR\ServicesHealthCheck.SignalR.csproj", "{D169B1E2-C2D6-4CAC-A218-4A7E6D78DA4E}"
EndProject
Project("{2150E333-8FDC-42A3-9474-1A3956D46DE8}") = "HealthCheck.Setup", "HealthCheck.Setup", "{D5DB2CC2-8075-43C3-8C34-C44FEEB8CF99}"
EndProject
Project("{FAE04EC0-301F-11D3-BF4B-00C04F79EFBC}") = "Setup", "HealthCheck.Setup\Setup\Setup.csproj", "{714B42B2-C1F4-433F-A832-17F0CD8DA692}"
EndProject
Global
	GlobalSection(SolutionConfigurationPlatforms) = preSolution
		Debug|Any CPU = Debug|Any CPU
		Release|Any CPU = Release|Any CPU
	EndGlobalSection
	GlobalSection(ProjectConfigurationPlatforms) = postSolution
		{54763BAF-E6A2-4078-9B90-014C44385937}.Debug|Any CPU.ActiveCfg = Debug|Any CPU
		{54763BAF-E6A2-4078-9B90-014C44385937}.Debug|Any CPU.Build.0 = Debug|Any CPU
		{54763BAF-E6A2-4078-9B90-014C44385937}.Release|Any CPU.ActiveCfg = Release|Any CPU
		{54763BAF-E6A2-4078-9B90-014C44385937}.Release|Any CPU.Build.0 = Release|Any CPU
		{37D26760-326E-4698-9BC1-34FA6C6D0413}.Debug|Any CPU.ActiveCfg = Debug|Any CPU
		{37D26760-326E-4698-9BC1-34FA6C6D0413}.Debug|Any CPU.Build.0 = Debug|Any CPU
		{37D26760-326E-4698-9BC1-34FA6C6D0413}.Release|Any CPU.ActiveCfg = Release|Any CPU
		{37D26760-326E-4698-9BC1-34FA6C6D0413}.Release|Any CPU.Build.0 = Release|Any CPU
		{89E9B701-C1A1-4391-810C-82000F483465}.Debug|Any CPU.ActiveCfg = Debug|Any CPU
		{89E9B701-C1A1-4391-810C-82000F483465}.Debug|Any CPU.Build.0 = Debug|Any CPU
		{89E9B701-C1A1-4391-810C-82000F483465}.Release|Any CPU.ActiveCfg = Release|Any CPU
		{89E9B701-C1A1-4391-810C-82000F483465}.Release|Any CPU.Build.0 = Release|Any CPU
		{376DB7EA-4194-4D0E-A1BA-94972E022F04}.Debug|Any CPU.ActiveCfg = Debug|Any CPU
		{376DB7EA-4194-4D0E-A1BA-94972E022F04}.Debug|Any CPU.Build.0 = Debug|Any CPU
		{376DB7EA-4194-4D0E-A1BA-94972E022F04}.Release|Any CPU.ActiveCfg = Release|Any CPU
		{376DB7EA-4194-4D0E-A1BA-94972E022F04}.Release|Any CPU.Build.0 = Release|Any CPU
		{2702E6C4-DF79-4385-B931-BBDC62515A5F}.Debug|Any CPU.ActiveCfg = Debug|Any CPU
		{2702E6C4-DF79-4385-B931-BBDC62515A5F}.Debug|Any CPU.Build.0 = Debug|Any CPU
		{2702E6C4-DF79-4385-B931-BBDC62515A5F}.Release|Any CPU.ActiveCfg = Release|Any CPU
		{2702E6C4-DF79-4385-B931-BBDC62515A5F}.Release|Any CPU.Build.0 = Release|Any CPU
		{A897E9AA-A640-457A-94BA-58D4FAFC70BA}.Debug|Any CPU.ActiveCfg = Debug|Any CPU
		{A897E9AA-A640-457A-94BA-58D4FAFC70BA}.Debug|Any CPU.Build.0 = Debug|Any CPU
		{A897E9AA-A640-457A-94BA-58D4FAFC70BA}.Release|Any CPU.ActiveCfg = Release|Any CPU
		{A897E9AA-A640-457A-94BA-58D4FAFC70BA}.Release|Any CPU.Build.0 = Release|Any CPU
		{703E905C-DDC2-47C5-B8D0-10A68E662F5D}.Debug|Any CPU.ActiveCfg = Debug|Any CPU
		{703E905C-DDC2-47C5-B8D0-10A68E662F5D}.Debug|Any CPU.Build.0 = Debug|Any CPU
		{703E905C-DDC2-47C5-B8D0-10A68E662F5D}.Release|Any CPU.ActiveCfg = Release|Any CPU
		{703E905C-DDC2-47C5-B8D0-10A68E662F5D}.Release|Any CPU.Build.0 = Release|Any CPU
		{D169B1E2-C2D6-4CAC-A218-4A7E6D78DA4E}.Debug|Any CPU.ActiveCfg = Debug|Any CPU
		{D169B1E2-C2D6-4CAC-A218-4A7E6D78DA4E}.Debug|Any CPU.Build.0 = Debug|Any CPU
		{D169B1E2-C2D6-4CAC-A218-4A7E6D78DA4E}.Release|Any CPU.ActiveCfg = Release|Any CPU
		{D169B1E2-C2D6-4CAC-A218-4A7E6D78DA4E}.Release|Any CPU.Build.0 = Release|Any CPU
		{714B42B2-C1F4-433F-A832-17F0CD8DA692}.Debug|Any CPU.ActiveCfg = Debug|Any CPU
		{714B42B2-C1F4-433F-A832-17F0CD8DA692}.Debug|Any CPU.Build.0 = Debug|Any CPU
		{714B42B2-C1F4-433F-A832-17F0CD8DA692}.Release|Any CPU.ActiveCfg = Release|Any CPU
		{714B42B2-C1F4-433F-A832-17F0CD8DA692}.Release|Any CPU.Build.0 = Release|Any CPU
	EndGlobalSection
	GlobalSection(SolutionProperties) = preSolution
		HideSolutionNode = FALSE
	EndGlobalSection
	GlobalSection(NestedProjects) = preSolution
		{54763BAF-E6A2-4078-9B90-014C44385937} = {8FBC0B05-CF18-4C97-8A72-A43FBDECE28F}
		{37D26760-326E-4698-9BC1-34FA6C6D0413} = {8FBC0B05-CF18-4C97-8A72-A43FBDECE28F}
		{89E9B701-C1A1-4391-810C-82000F483465} = {8FBC0B05-CF18-4C97-8A72-A43FBDECE28F}
		{376DB7EA-4194-4D0E-A1BA-94972E022F04} = {8FBC0B05-CF18-4C97-8A72-A43FBDECE28F}
		{2702E6C4-DF79-4385-B931-BBDC62515A5F} = {8FBC0B05-CF18-4C97-8A72-A43FBDECE28F}
		{A897E9AA-A640-457A-94BA-58D4FAFC70BA} = {7E3CC866-38EB-4359-BC2F-35014B1CF985}
		{11B3CCA9-2FF8-4854-ADE8-61D9FCC27348} = {F2415B28-B2DB-4928-92F1-AA796D6F0FD5}
		{703E905C-DDC2-47C5-B8D0-10A68E662F5D} = {11B3CCA9-2FF8-4854-ADE8-61D9FCC27348}
		{D169B1E2-C2D6-4CAC-A218-4A7E6D78DA4E} = {7E3CC866-38EB-4359-BC2F-35014B1CF985}
		{714B42B2-C1F4-433F-A832-17F0CD8DA692} = {D5DB2CC2-8075-43C3-8C34-C44FEEB8CF99}
	EndGlobalSection
	GlobalSection(ExtensibilityGlobals) = postSolution
		SolutionGuid = {F52289B2-0A6E-4BD5-A3D4-675A400AC148}
	EndGlobalSection
EndGlobal
